
Microsoft Visual Studio Solution File, Format Version 12.00
# Visual Studio Version 16
VisualStudioVersion = 16.0.31129.286
MinimumVisualStudioVersion = 10.0.40219.1
Project("{FAE04EC0-301F-11D3-BF4B-00C04F79EFBC}") = "3eva_di_ej1", "3eva_di_ej1\3eva_di_ej1.csproj", "{5E563D69-EE54-485F-BEEB-0654C7EF7B3C}"
EndProject
Global
	GlobalSection(SolutionConfigurationPlatforms) = preSolution
		Debug|Any CPU = Debug|Any CPU
		Release|Any CPU = Release|Any CPU
	EndGlobalSection
	GlobalSection(ProjectConfigurationPlatforms) = postSolution
		{5E563D69-EE54-485F-BEEB-0654C7EF7B3C}.Debug|Any CPU.ActiveCfg = Debug|Any CPU
		{5E563D69-EE54-485F-BEEB-0654C7EF7B3C}.Debug|Any CPU.Build.0 = Debug|Any CPU
		{5E563D69-EE54-485F-BEEB-0654C7EF7B3C}.Release|Any CPU.ActiveCfg = Release|Any CPU
		{5E563D69-EE54-485F-BEEB-0654C7EF7B3C}.Release|Any CPU.Build.0 = Release|Any CPU
	EndGlobalSection
	GlobalSection(SolutionProperties) = preSolution
		HideSolutionNode = FALSE
	EndGlobalSection
	GlobalSection(ExtensibilityGlobals) = postSolution
		SolutionGuid = {26C080E6-B40F-46A6-8D4E-21EAD97E514E}
	EndGlobalSection
EndGlobal
