
Microsoft Visual Studio Solution File, Format Version 12.00
# Visual Studio Version 16
VisualStudioVersion = 16.0.31702.278
MinimumVisualStudioVersion = 10.0.40219.1
Project("{FAE04EC0-301F-11D3-BF4B-00C04F79EFBC}") = "Bol5_ej1", "Bol5_ej1\Bol5_ej1.csproj", "{76009E3B-3507-48C8-A17F-BA02C47DDFC5}"
EndProject
Project("{FAE04EC0-301F-11D3-BF4B-00C04F79EFBC}") = "Bol5_ej1Form", "Bol5_ej1Form\Bol5_ej1Form.csproj", "{18D6F91F-DB16-4663-AE04-0B3C31BE5C5F}"
EndProject
Global
	GlobalSection(SolutionConfigurationPlatforms) = preSolution
		Debug|Any CPU = Debug|Any CPU
		Release|Any CPU = Release|Any CPU
	EndGlobalSection
	GlobalSection(ProjectConfigurationPlatforms) = postSolution
		{76009E3B-3507-48C8-A17F-BA02C47DDFC5}.Debug|Any CPU.ActiveCfg = Debug|Any CPU
		{76009E3B-3507-48C8-A17F-BA02C47DDFC5}.Debug|Any CPU.Build.0 = Debug|Any CPU
		{76009E3B-3507-48C8-A17F-BA02C47DDFC5}.Release|Any CPU.ActiveCfg = Release|Any CPU
		{76009E3B-3507-48C8-A17F-BA02C47DDFC5}.Release|Any CPU.Build.0 = Release|Any CPU
		{18D6F91F-DB16-4663-AE04-0B3C31BE5C5F}.Debug|Any CPU.ActiveCfg = Debug|Any CPU
		{18D6F91F-DB16-4663-AE04-0B3C31BE5C5F}.Debug|Any CPU.Build.0 = Debug|Any CPU
		{18D6F91F-DB16-4663-AE04-0B3C31BE5C5F}.Release|Any CPU.ActiveCfg = Release|Any CPU
		{18D6F91F-DB16-4663-AE04-0B3C31BE5C5F}.Release|Any CPU.Build.0 = Release|Any CPU
	EndGlobalSection
	GlobalSection(SolutionProperties) = preSolution
		HideSolutionNode = FALSE
	EndGlobalSection
	GlobalSection(ExtensibilityGlobals) = postSolution
		SolutionGuid = {0CAF35EF-4B85-43E3-8B8E-F9D4E7EFF4D8}
	EndGlobalSection
EndGlobal
