
Microsoft Visual Studio Solution File, Format Version 12.00
# Visual Studio Version 16
VisualStudioVersion = 16.0.31911.196
MinimumVisualStudioVersion = 10.0.40219.1
Project("{FAE04EC0-301F-11D3-BF4B-00C04F79EFBC}") = "BoletinJunio1", "BoletinJunio1\BoletinJunio1.csproj", "{273321DE-7FAD-4464-A1DE-D710B16E56DC}"
EndProject
Global
	GlobalSection(SolutionConfigurationPlatforms) = preSolution
		Debug|Any CPU = Debug|Any CPU
		Release|Any CPU = Release|Any CPU
	EndGlobalSection
	GlobalSection(ProjectConfigurationPlatforms) = postSolution
		{273321DE-7FAD-4464-A1DE-D710B16E56DC}.Debug|Any CPU.ActiveCfg = Debug|Any CPU
		{273321DE-7FAD-4464-A1DE-D710B16E56DC}.Debug|Any CPU.Build.0 = Debug|Any CPU
		{273321DE-7FAD-4464-A1DE-D710B16E56DC}.Release|Any CPU.ActiveCfg = Release|Any CPU
		{273321DE-7FAD-4464-A1DE-D710B16E56DC}.Release|Any CPU.Build.0 = Release|Any CPU
	EndGlobalSection
	GlobalSection(SolutionProperties) = preSolution
		HideSolutionNode = FALSE
	EndGlobalSection
	GlobalSection(ExtensibilityGlobals) = postSolution
		SolutionGuid = {157363A4-9531-45C3-9C51-52F540456FAA}
	EndGlobalSection
EndGlobal
