
Microsoft Visual Studio Solution File, Format Version 12.00
# Visual Studio Version 16
VisualStudioVersion = 16.0.31702.278
MinimumVisualStudioVersion = 10.0.40219.1
Project("{FAE04EC0-301F-11D3-BF4B-00C04F79EFBC}") = "Bol4_ej5", "Bol4_ej5\Bol4_ej5.csproj", "{7E6F469D-866C-4729-AC34-D1AE3B096843}"
EndProject
Global
	GlobalSection(SolutionConfigurationPlatforms) = preSolution
		Debug|Any CPU = Debug|Any CPU
		Release|Any CPU = Release|Any CPU
	EndGlobalSection
	GlobalSection(ProjectConfigurationPlatforms) = postSolution
		{7E6F469D-866C-4729-AC34-D1AE3B096843}.Debug|Any CPU.ActiveCfg = Debug|Any CPU
		{7E6F469D-866C-4729-AC34-D1AE3B096843}.Debug|Any CPU.Build.0 = Debug|Any CPU
		{7E6F469D-866C-4729-AC34-D1AE3B096843}.Release|Any CPU.ActiveCfg = Release|Any CPU
		{7E6F469D-866C-4729-AC34-D1AE3B096843}.Release|Any CPU.Build.0 = Release|Any CPU
	EndGlobalSection
	GlobalSection(SolutionProperties) = preSolution
		HideSolutionNode = FALSE
	EndGlobalSection
	GlobalSection(ExtensibilityGlobals) = postSolution
		SolutionGuid = {856C65FB-DBC1-494E-A3E6-2EA4BBFF11F6}
	EndGlobalSection
EndGlobal
