
Microsoft Visual Studio Solution File, Format Version 12.00
# Visual Studio Version 16
VisualStudioVersion = 16.0.31702.278
MinimumVisualStudioVersion = 10.0.40219.1
Project("{FAE04EC0-301F-11D3-BF4B-00C04F79EFBC}") = "Bol4_ej3", "Bol4_ej3\Bol4_ej3.csproj", "{8A28B2E7-2C07-429D-8D72-8316A589A023}"
EndProject
Global
	GlobalSection(SolutionConfigurationPlatforms) = preSolution
		Debug|Any CPU = Debug|Any CPU
		Release|Any CPU = Release|Any CPU
	EndGlobalSection
	GlobalSection(ProjectConfigurationPlatforms) = postSolution
		{8A28B2E7-2C07-429D-8D72-8316A589A023}.Debug|Any CPU.ActiveCfg = Debug|Any CPU
		{8A28B2E7-2C07-429D-8D72-8316A589A023}.Debug|Any CPU.Build.0 = Debug|Any CPU
		{8A28B2E7-2C07-429D-8D72-8316A589A023}.Release|Any CPU.ActiveCfg = Release|Any CPU
		{8A28B2E7-2C07-429D-8D72-8316A589A023}.Release|Any CPU.Build.0 = Release|Any CPU
	EndGlobalSection
	GlobalSection(SolutionProperties) = preSolution
		HideSolutionNode = FALSE
	EndGlobalSection
	GlobalSection(ExtensibilityGlobals) = postSolution
		SolutionGuid = {F7778B78-AC43-4C3E-A2E0-5B1D88294E53}
	EndGlobalSection
EndGlobal
