
Microsoft Visual Studio Solution File, Format Version 12.00
# Visual Studio Version 16
VisualStudioVersion = 16.0.31911.196
MinimumVisualStudioVersion = 10.0.40219.1
Project("{FAE04EC0-301F-11D3-BF4B-00C04F79EFBC}") = "BoletinJunio8", "BoletinJunio8\BoletinJunio8.csproj", "{2E071927-C73B-450F-8EF8-0364ABBF6FCA}"
EndProject
Project("{FAE04EC0-301F-11D3-BF4B-00C04F79EFBC}") = "FormBol8", "FormBol8\FormBol8.csproj", "{66FFC341-800F-4106-AFF3-D353FDC6AA6E}"
EndProject
Global
	GlobalSection(SolutionConfigurationPlatforms) = preSolution
		Debug|Any CPU = Debug|Any CPU
		Release|Any CPU = Release|Any CPU
	EndGlobalSection
	GlobalSection(ProjectConfigurationPlatforms) = postSolution
		{2E071927-C73B-450F-8EF8-0364ABBF6FCA}.Debug|Any CPU.ActiveCfg = Debug|Any CPU
		{2E071927-C73B-450F-8EF8-0364ABBF6FCA}.Debug|Any CPU.Build.0 = Debug|Any CPU
		{2E071927-C73B-450F-8EF8-0364ABBF6FCA}.Release|Any CPU.ActiveCfg = Release|Any CPU
		{2E071927-C73B-450F-8EF8-0364ABBF6FCA}.Release|Any CPU.Build.0 = Release|Any CPU
		{66FFC341-800F-4106-AFF3-D353FDC6AA6E}.Debug|Any CPU.ActiveCfg = Debug|Any CPU
		{66FFC341-800F-4106-AFF3-D353FDC6AA6E}.Debug|Any CPU.Build.0 = Debug|Any CPU
		{66FFC341-800F-4106-AFF3-D353FDC6AA6E}.Release|Any CPU.ActiveCfg = Release|Any CPU
		{66FFC341-800F-4106-AFF3-D353FDC6AA6E}.Release|Any CPU.Build.0 = Release|Any CPU
	EndGlobalSection
	GlobalSection(SolutionProperties) = preSolution
		HideSolutionNode = FALSE
	EndGlobalSection
	GlobalSection(ExtensibilityGlobals) = postSolution
		SolutionGuid = {7909793D-0B52-4D71-A34D-7509E7B9A3E7}
	EndGlobalSection
EndGlobal
