
Microsoft Visual Studio Solution File, Format Version 12.00
# Visual Studio Version 16
VisualStudioVersion = 16.0.30517.126
MinimumVisualStudioVersion = 10.0.40219.1
Project("{FAE04EC0-301F-11D3-BF4B-00C04F79EFBC}") = "3EVA_DI_ej4", "3EVA_DI_ej4.csproj", "{7442661E-E58E-48D9-8BD8-6A7CD1F6CF1D}"
EndProject
Global
	GlobalSection(SolutionConfigurationPlatforms) = preSolution
		Debug|Any CPU = Debug|Any CPU
		Release|Any CPU = Release|Any CPU
	EndGlobalSection
	GlobalSection(ProjectConfigurationPlatforms) = postSolution
		{7442661E-E58E-48D9-8BD8-6A7CD1F6CF1D}.Debug|Any CPU.ActiveCfg = Debug|Any CPU
		{7442661E-E58E-48D9-8BD8-6A7CD1F6CF1D}.Debug|Any CPU.Build.0 = Debug|Any CPU
		{7442661E-E58E-48D9-8BD8-6A7CD1F6CF1D}.Release|Any CPU.ActiveCfg = Release|Any CPU
		{7442661E-E58E-48D9-8BD8-6A7CD1F6CF1D}.Release|Any CPU.Build.0 = Release|Any CPU
	EndGlobalSection
	GlobalSection(SolutionProperties) = preSolution
		HideSolutionNode = FALSE
	EndGlobalSection
	GlobalSection(ExtensibilityGlobals) = postSolution
		SolutionGuid = {3400A368-1B16-443C-A30D-F8089859CE5F}
	EndGlobalSection
EndGlobal
